{
  "version": 2,
  "dependencies": {
    "net10.0": {
      "AWSSDK.S3": {
        "type": "Direct",
        "requested": "[4.0.104.1, )",
        "resolved": "4.0.104.1",
        "contentHash": "syEbfUR1Qjy9WS0fmg5MWOq0aGghq+pBIyrvDP3BFLc5K2OITxMiwbPkZhEJeAq8SWRn2bfVaWWmNLp8hS9VwQ==",
        "dependencies": {
          "AWSSDK.Core": "[4.0.102.8, 5.0.0)"
        }
      },
      "AWSSDK.SecurityToken": {
        "type": "Direct",
        "requested": "[4.0.101.1, )",
        "resolved": "4.0.101.1",
        "contentHash": "rZnMaqiYwDzbvTqeO7dWhqxEn96RleyR9KN6GYeWispPt9NQPRDUcfYZarvG7Eba5NvDNomhpcQJSNO+VoteGQ==",
        "dependencies": {
          "AWSSDK.Core": "[4.0.102.8, 5.0.0)"
        }
      },
      "AWSSDK.SQS": {
        "type": "Direct",
        "requested": "[4.0.100.15, )",
        "resolved": "4.0.100.15",
        "contentHash": "A2vyeQSZgH682aI2+1oLQKAp03pPBl2FgLHCm33MBEV/3N5tiy0nwMhJxG+Sb1gRiciO9M9QBu2UidcsuO7PkQ==",
        "dependencies": {
          "AWSSDK.Core": "[4.0.102.8, 5.0.0)"
        }
      },
      "Google.Apis.Auth": {
        "type": "Direct",
        "requested": "[1.77.0, )",
        "resolved": "1.77.0",
        "contentHash": "lcgXlzM+JkX0nKKc7KBwTdiei2IbV20PuTe3cVQ2zOhq0j4IiS9I4xlRQY4igdCMLlmobthz5xtHiPr/wxl0Ew==",
        "dependencies": {
          "Google.Apis": "1.77.0",
          "Google.Apis.Core": "1.77.0",
          "System.Management": "7.0.2"
        }
      },
      "AWSSDK.Core": {
        "type": "Transitive",
        "resolved": "4.0.102.8",
        "contentHash": "90B9Skhl+ORbtWNXrrmGdGhGvAfZiPmZafRYrB/xHelZjePIwPvXioqz9UiiF1vo21eDLzTnXh5EC4RjbNWsFQ=="
      },
      "Google.Apis": {
        "type": "Transitive",
        "resolved": "1.77.0",
        "contentHash": "zj7MKdZz7lWRM7z2meqh5S9KSf83c1xY8Fa+b1KzYxw9xMugUxcQtwPoxJgFzxKJgLE64dAra0ze++P/Up4k6Q==",
        "dependencies": {
          "Google.Apis.Core": "1.77.0"
        }
      },
      "Google.Apis.Core": {
        "type": "Transitive",
        "resolved": "1.77.0",
        "contentHash": "7Yj4dpbOLFbxct6x5AFHQEZ25E8/f+5zqW39Q8f/GZknLyuS+uhnt2DIcKQplBNJTK9WNXompbYLWsPRhO6Nmg==",
        "dependencies": {
          "Newtonsoft.Json": "13.0.4"
        }
      },
      "System.CodeDom": {
        "type": "Transitive",
        "resolved": "7.0.0",
        "contentHash": "GLltyqEsE5/3IE+zYRP5sNa1l44qKl9v+bfdMcwg+M9qnQf47wK3H0SUR/T+3N4JEQXF3vV4CSuuo0rsg+nq2A=="
      },
      "System.Management": {
        "type": "Transitive",
        "resolved": "7.0.2",
        "contentHash": "/qEUN91mP/MUQmJnM5y5BdT7ZoPuVrtxnFlbJ8a3kBJGhe2wCzBfnPFtK2wTtEEcf3DMGR9J00GZZfg6HRI6yA==",
        "dependencies": {
          "System.CodeDom": "7.0.0"
        }
      },
      "bower.abstractions": {
        "type": "Project",
        "dependencies": {
          "Bower.Contracts": "[1.0.0, )"
        }
      },
      "bower.contracts": {
        "type": "Project"
      },
      "bower.forwarding": {
        "type": "Project"
      },
      "bower.source.aws": {
        "type": "Project",
        "dependencies": {
          "Bower.Abstractions": "[1.0.0, )",
          "Bower.Contracts": "[1.0.0, )"
        }
      },
      "bower.source.gcp": {
        "type": "Project",
        "dependencies": {
          "Bower.Abstractions": "[1.0.0, )",
          "Bower.Contracts": "[1.0.0, )"
        }
      },
      "Newtonsoft.Json": {
        "type": "CentralTransitive",
        "requested": "[13.0.4, )",
        "resolved": "13.0.4",
        "contentHash": "pdgNNMai3zv51W5aq268sujXUyx7SNdE2bj1wZcWjAQrKMFZV260lbqYop1d2GM67JI1huLRwxo9ZqnfF/lC6A=="
      }
    },
    "net10.0/linux-arm64": {
      "System.Management": {
        "type": "Transitive",
        "resolved": "7.0.2",
        "contentHash": "/qEUN91mP/MUQmJnM5y5BdT7ZoPuVrtxnFlbJ8a3kBJGhe2wCzBfnPFtK2wTtEEcf3DMGR9J00GZZfg6HRI6yA==",
        "dependencies": {
          "System.CodeDom": "7.0.0"
        }
      }
    },
    "net10.0/linux-x64": {
      "System.Management": {
        "type": "Transitive",
        "resolved": "7.0.2",
        "contentHash": "/qEUN91mP/MUQmJnM5y5BdT7ZoPuVrtxnFlbJ8a3kBJGhe2wCzBfnPFtK2wTtEEcf3DMGR9J00GZZfg6HRI6yA==",
        "dependencies": {
          "System.CodeDom": "7.0.0"
        }
      }
    }
  }
}