
Microsoft Visual Studio Solution File, Format Version 12.00
# Visual Studio Version 17
VisualStudioVersion = 17.0.31903.59
MinimumVisualStudioVersion = 10.0.40219.1
Project("{FAE04EC0-301F-11D3-BF4B-00C04F79EFBC}") = "Bower.Contracts", "src\Bower.Contracts\Bower.Contracts.csproj", "{1A4F182D-F153-4529-A20B-E0551C82734C}"
EndProject
Project("{FAE04EC0-301F-11D3-BF4B-00C04F79EFBC}") = "Bower.Abstractions", "src\Bower.Abstractions\Bower.Abstractions.csproj", "{6208AAEA-3D3A-4210-8980-1471372432D0}"
EndProject
Project("{FAE04EC0-301F-11D3-BF4B-00C04F79EFBC}") = "Bower.Redaction", "src\Bower.Redaction\Bower.Redaction.csproj", "{08D809A6-5BEA-44D8-80BC-9F73402041A6}"
EndProject
Project("{FAE04EC0-301F-11D3-BF4B-00C04F79EFBC}") = "Bower.PolicyEngine", "src\Bower.PolicyEngine\Bower.PolicyEngine.csproj", "{9D87D377-99BC-44DE-B0F5-4A86E6CD082E}"
EndProject
Project("{FAE04EC0-301F-11D3-BF4B-00C04F79EFBC}") = "Bower.Persistence", "src\Bower.Persistence\Bower.Persistence.csproj", "{E0131A9B-6D8B-4F67-96F7-78A5C2BE0FBD}"
EndProject
Project("{FAE04EC0-301F-11D3-BF4B-00C04F79EFBC}") = "Bower.Core", "src\Bower.Core\Bower.Core.csproj", "{526EBC20-6F1D-4C2D-862C-D05A1567AEB0}"
EndProject
Project("{FAE04EC0-301F-11D3-BF4B-00C04F79EFBC}") = "Bower.Sdk", "src\Bower.Sdk\Bower.Sdk.csproj", "{72258364-32E6-4E2C-B4DD-C3614702ABBF}"
EndProject
Project("{FAE04EC0-301F-11D3-BF4B-00C04F79EFBC}") = "Bower.Output.AmaSpool", "src\Bower.Output.AmaSpool\Bower.Output.AmaSpool.csproj", "{50CF75D7-0553-44B5-B0F9-30F22CD09020}"
EndProject
Project("{FAE04EC0-301F-11D3-BF4B-00C04F79EFBC}") = "Bower.Output.AzureLogsIngestion", "src\Bower.Output.AzureLogsIngestion\Bower.Output.AzureLogsIngestion.csproj", "{92F06574-1EDA-4B31-9352-7DB27D9A9B25}"
EndProject
Project("{FAE04EC0-301F-11D3-BF4B-00C04F79EFBC}") = "Bower.Collector", "src\Bower.Collector\Bower.Collector.csproj", "{25670122-8534-4E0D-B6F9-EFCE389E2188}"
EndProject
Project("{FAE04EC0-301F-11D3-BF4B-00C04F79EFBC}") = "Bower.Cli", "src\Bower.Cli\Bower.Cli.csproj", "{80B22F53-F22A-4AD2-825D-4A29B068EF43}"
EndProject
Project("{FAE04EC0-301F-11D3-BF4B-00C04F79EFBC}") = "Bower.UnitTests", "tests\Bower.UnitTests\Bower.UnitTests.csproj", "{348FA9CE-C2AF-4584-882E-B1798FEF954B}"
EndProject
Project("{FAE04EC0-301F-11D3-BF4B-00C04F79EFBC}") = "Bower.Example.MinimalApi", "examples\aspnetcore-minimal-api\Bower.Example.MinimalApi.csproj", "{547BA4DF-87D0-446C-BF4F-06BE05C9CE86}"
EndProject
Project("{2150E333-8FDC-42A3-9474-1A3956D46DE8}") = "src", "src", "{827E0CD3-B72D-47B6-A68D-7590B98EB39B}"
EndProject
Project("{FAE04EC0-301F-11D3-BF4B-00C04F79EFBC}") = "Bower.Management.Api", "src\Bower.Management.Api\Bower.Management.Api.csproj", "{D45BA108-CA26-46F7-9C0B-DA13A384E687}"
EndProject
Project("{FAE04EC0-301F-11D3-BF4B-00C04F79EFBC}") = "Bower.Source.SqlServer", "src\Bower.Source.SqlServer\Bower.Source.SqlServer.csproj", "{A9934CA4-88C5-4AD0-99C9-92490167B48E}"
EndProject
Project("{FAE04EC0-301F-11D3-BF4B-00C04F79EFBC}") = "Bower.Source.Aws", "src\Bower.Source.Aws\Bower.Source.Aws.csproj", "{EA3A7CAF-51CE-4A81-A808-2239893A5332}"
EndProject
Project("{FAE04EC0-301F-11D3-BF4B-00C04F79EFBC}") = "Bower.Ocsf", "src\Bower.Ocsf\Bower.Ocsf.csproj", "{F95A8CF7-7C6D-49DF-853D-F845DB65C26F}"
EndProject
Global
	GlobalSection(SolutionConfigurationPlatforms) = preSolution
		Debug|Any CPU = Debug|Any CPU
		Debug|x64 = Debug|x64
		Debug|x86 = Debug|x86
		Release|Any CPU = Release|Any CPU
		Release|x64 = Release|x64
		Release|x86 = Release|x86
	EndGlobalSection
	GlobalSection(ProjectConfigurationPlatforms) = postSolution
		{1A4F182D-F153-4529-A20B-E0551C82734C}.Debug|Any CPU.ActiveCfg = Debug|Any CPU
		{1A4F182D-F153-4529-A20B-E0551C82734C}.Debug|Any CPU.Build.0 = Debug|Any CPU
		{1A4F182D-F153-4529-A20B-E0551C82734C}.Debug|x64.ActiveCfg = Debug|Any CPU
		{1A4F182D-F153-4529-A20B-E0551C82734C}.Debug|x64.Build.0 = Debug|Any CPU
		{1A4F182D-F153-4529-A20B-E0551C82734C}.Debug|x86.ActiveCfg = Debug|Any CPU
		{1A4F182D-F153-4529-A20B-E0551C82734C}.Debug|x86.Build.0 = Debug|Any CPU
		{1A4F182D-F153-4529-A20B-E0551C82734C}.Release|Any CPU.ActiveCfg = Release|Any CPU
		{1A4F182D-F153-4529-A20B-E0551C82734C}.Release|Any CPU.Build.0 = Release|Any CPU
		{1A4F182D-F153-4529-A20B-E0551C82734C}.Release|x64.ActiveCfg = Release|Any CPU
		{1A4F182D-F153-4529-A20B-E0551C82734C}.Release|x64.Build.0 = Release|Any CPU
		{1A4F182D-F153-4529-A20B-E0551C82734C}.Release|x86.ActiveCfg = Release|Any CPU
		{1A4F182D-F153-4529-A20B-E0551C82734C}.Release|x86.Build.0 = Release|Any CPU
		{6208AAEA-3D3A-4210-8980-1471372432D0}.Debug|Any CPU.ActiveCfg = Debug|Any CPU
		{6208AAEA-3D3A-4210-8980-1471372432D0}.Debug|Any CPU.Build.0 = Debug|Any CPU
		{6208AAEA-3D3A-4210-8980-1471372432D0}.Debug|x64.ActiveCfg = Debug|Any CPU
		{6208AAEA-3D3A-4210-8980-1471372432D0}.Debug|x64.Build.0 = Debug|Any CPU
		{6208AAEA-3D3A-4210-8980-1471372432D0}.Debug|x86.ActiveCfg = Debug|Any CPU
		{6208AAEA-3D3A-4210-8980-1471372432D0}.Debug|x86.Build.0 = Debug|Any CPU
		{6208AAEA-3D3A-4210-8980-1471372432D0}.Release|Any CPU.ActiveCfg = Release|Any CPU
		{6208AAEA-3D3A-4210-8980-1471372432D0}.Release|Any CPU.Build.0 = Release|Any CPU
		{6208AAEA-3D3A-4210-8980-1471372432D0}.Release|x64.ActiveCfg = Release|Any CPU
		{6208AAEA-3D3A-4210-8980-1471372432D0}.Release|x64.Build.0 = Release|Any CPU
		{6208AAEA-3D3A-4210-8980-1471372432D0}.Release|x86.ActiveCfg = Release|Any CPU
		{6208AAEA-3D3A-4210-8980-1471372432D0}.Release|x86.Build.0 = Release|Any CPU
		{08D809A6-5BEA-44D8-80BC-9F73402041A6}.Debug|Any CPU.ActiveCfg = Debug|Any CPU
		{08D809A6-5BEA-44D8-80BC-9F73402041A6}.Debug|Any CPU.Build.0 = Debug|Any CPU
		{08D809A6-5BEA-44D8-80BC-9F73402041A6}.Debug|x64.ActiveCfg = Debug|Any CPU
		{08D809A6-5BEA-44D8-80BC-9F73402041A6}.Debug|x64.Build.0 = Debug|Any CPU
		{08D809A6-5BEA-44D8-80BC-9F73402041A6}.Debug|x86.ActiveCfg = Debug|Any CPU
		{08D809A6-5BEA-44D8-80BC-9F73402041A6}.Debug|x86.Build.0 = Debug|Any CPU
		{08D809A6-5BEA-44D8-80BC-9F73402041A6}.Release|Any CPU.ActiveCfg = Release|Any CPU
		{08D809A6-5BEA-44D8-80BC-9F73402041A6}.Release|Any CPU.Build.0 = Release|Any CPU
		{08D809A6-5BEA-44D8-80BC-9F73402041A6}.Release|x64.ActiveCfg = Release|Any CPU
		{08D809A6-5BEA-44D8-80BC-9F73402041A6}.Release|x64.Build.0 = Release|Any CPU
		{08D809A6-5BEA-44D8-80BC-9F73402041A6}.Release|x86.ActiveCfg = Release|Any CPU
		{08D809A6-5BEA-44D8-80BC-9F73402041A6}.Release|x86.Build.0 = Release|Any CPU
		{9D87D377-99BC-44DE-B0F5-4A86E6CD082E}.Debug|Any CPU.ActiveCfg = Debug|Any CPU
		{9D87D377-99BC-44DE-B0F5-4A86E6CD082E}.Debug|Any CPU.Build.0 = Debug|Any CPU
		{9D87D377-99BC-44DE-B0F5-4A86E6CD082E}.Debug|x64.ActiveCfg = Debug|Any CPU
		{9D87D377-99BC-44DE-B0F5-4A86E6CD082E}.Debug|x64.Build.0 = Debug|Any CPU
		{9D87D377-99BC-44DE-B0F5-4A86E6CD082E}.Debug|x86.ActiveCfg = Debug|Any CPU
		{9D87D377-99BC-44DE-B0F5-4A86E6CD082E}.Debug|x86.Build.0 = Debug|Any CPU
		{9D87D377-99BC-44DE-B0F5-4A86E6CD082E}.Release|Any CPU.ActiveCfg = Release|Any CPU
		{9D87D377-99BC-44DE-B0F5-4A86E6CD082E}.Release|Any CPU.Build.0 = Release|Any CPU
		{9D87D377-99BC-44DE-B0F5-4A86E6CD082E}.Release|x64.ActiveCfg = Release|Any CPU
		{9D87D377-99BC-44DE-B0F5-4A86E6CD082E}.Release|x64.Build.0 = Release|Any CPU
		{9D87D377-99BC-44DE-B0F5-4A86E6CD082E}.Release|x86.ActiveCfg = Release|Any CPU
		{9D87D377-99BC-44DE-B0F5-4A86E6CD082E}.Release|x86.Build.0 = Release|Any CPU
		{E0131A9B-6D8B-4F67-96F7-78A5C2BE0FBD}.Debug|Any CPU.ActiveCfg = Debug|Any CPU
		{E0131A9B-6D8B-4F67-96F7-78A5C2BE0FBD}.Debug|Any CPU.Build.0 = Debug|Any CPU
		{E0131A9B-6D8B-4F67-96F7-78A5C2BE0FBD}.Debug|x64.ActiveCfg = Debug|Any CPU
		{E0131A9B-6D8B-4F67-96F7-78A5C2BE0FBD}.Debug|x64.Build.0 = Debug|Any CPU
		{E0131A9B-6D8B-4F67-96F7-78A5C2BE0FBD}.Debug|x86.ActiveCfg = Debug|Any CPU
		{E0131A9B-6D8B-4F67-96F7-78A5C2BE0FBD}.Debug|x86.Build.0 = Debug|Any CPU
		{E0131A9B-6D8B-4F67-96F7-78A5C2BE0FBD}.Release|Any CPU.ActiveCfg = Release|Any CPU
		{E0131A9B-6D8B-4F67-96F7-78A5C2BE0FBD}.Release|Any CPU.Build.0 = Release|Any CPU
		{E0131A9B-6D8B-4F67-96F7-78A5C2BE0FBD}.Release|x64.ActiveCfg = Release|Any CPU
		{E0131A9B-6D8B-4F67-96F7-78A5C2BE0FBD}.Release|x64.Build.0 = Release|Any CPU
		{E0131A9B-6D8B-4F67-96F7-78A5C2BE0FBD}.Release|x86.ActiveCfg = Release|Any CPU
		{E0131A9B-6D8B-4F67-96F7-78A5C2BE0FBD}.Release|x86.Build.0 = Release|Any CPU
		{526EBC20-6F1D-4C2D-862C-D05A1567AEB0}.Debug|Any CPU.ActiveCfg = Debug|Any CPU
		{526EBC20-6F1D-4C2D-862C-D05A1567AEB0}.Debug|Any CPU.Build.0 = Debug|Any CPU
		{526EBC20-6F1D-4C2D-862C-D05A1567AEB0}.Debug|x64.ActiveCfg = Debug|Any CPU
		{526EBC20-6F1D-4C2D-862C-D05A1567AEB0}.Debug|x64.Build.0 = Debug|Any CPU
		{526EBC20-6F1D-4C2D-862C-D05A1567AEB0}.Debug|x86.ActiveCfg = Debug|Any CPU
		{526EBC20-6F1D-4C2D-862C-D05A1567AEB0}.Debug|x86.Build.0 = Debug|Any CPU
		{526EBC20-6F1D-4C2D-862C-D05A1567AEB0}.Release|Any CPU.ActiveCfg = Release|Any CPU
		{526EBC20-6F1D-4C2D-862C-D05A1567AEB0}.Release|Any CPU.Build.0 = Release|Any CPU
		{526EBC20-6F1D-4C2D-862C-D05A1567AEB0}.Release|x64.ActiveCfg = Release|Any CPU
		{526EBC20-6F1D-4C2D-862C-D05A1567AEB0}.Release|x64.Build.0 = Release|Any CPU
		{526EBC20-6F1D-4C2D-862C-D05A1567AEB0}.Release|x86.ActiveCfg = Release|Any CPU
		{526EBC20-6F1D-4C2D-862C-D05A1567AEB0}.Release|x86.Build.0 = Release|Any CPU
		{72258364-32E6-4E2C-B4DD-C3614702ABBF}.Debug|Any CPU.ActiveCfg = Debug|Any CPU
		{72258364-32E6-4E2C-B4DD-C3614702ABBF}.Debug|Any CPU.Build.0 = Debug|Any CPU
		{72258364-32E6-4E2C-B4DD-C3614702ABBF}.Debug|x64.ActiveCfg = Debug|Any CPU
		{72258364-32E6-4E2C-B4DD-C3614702ABBF}.Debug|x64.Build.0 = Debug|Any CPU
		{72258364-32E6-4E2C-B4DD-C3614702ABBF}.Debug|x86.ActiveCfg = Debug|Any CPU
		{72258364-32E6-4E2C-B4DD-C3614702ABBF}.Debug|x86.Build.0 = Debug|Any CPU
		{72258364-32E6-4E2C-B4DD-C3614702ABBF}.Release|Any CPU.ActiveCfg = Release|Any CPU
		{72258364-32E6-4E2C-B4DD-C3614702ABBF}.Release|Any CPU.Build.0 = Release|Any CPU
		{72258364-32E6-4E2C-B4DD-C3614702ABBF}.Release|x64.ActiveCfg = Release|Any CPU
		{72258364-32E6-4E2C-B4DD-C3614702ABBF}.Release|x64.Build.0 = Release|Any CPU
		{72258364-32E6-4E2C-B4DD-C3614702ABBF}.Release|x86.ActiveCfg = Release|Any CPU
		{72258364-32E6-4E2C-B4DD-C3614702ABBF}.Release|x86.Build.0 = Release|Any CPU
		{50CF75D7-0553-44B5-B0F9-30F22CD09020}.Debug|Any CPU.ActiveCfg = Debug|Any CPU
		{50CF75D7-0553-44B5-B0F9-30F22CD09020}.Debug|Any CPU.Build.0 = Debug|Any CPU
		{50CF75D7-0553-44B5-B0F9-30F22CD09020}.Debug|x64.ActiveCfg = Debug|Any CPU
		{50CF75D7-0553-44B5-B0F9-30F22CD09020}.Debug|x64.Build.0 = Debug|Any CPU
		{50CF75D7-0553-44B5-B0F9-30F22CD09020}.Debug|x86.ActiveCfg = Debug|Any CPU
		{50CF75D7-0553-44B5-B0F9-30F22CD09020}.Debug|x86.Build.0 = Debug|Any CPU
		{50CF75D7-0553-44B5-B0F9-30F22CD09020}.Release|Any CPU.ActiveCfg = Release|Any CPU
		{50CF75D7-0553-44B5-B0F9-30F22CD09020}.Release|Any CPU.Build.0 = Release|Any CPU
		{50CF75D7-0553-44B5-B0F9-30F22CD09020}.Release|x64.ActiveCfg = Release|Any CPU
		{50CF75D7-0553-44B5-B0F9-30F22CD09020}.Release|x64.Build.0 = Release|Any CPU
		{50CF75D7-0553-44B5-B0F9-30F22CD09020}.Release|x86.ActiveCfg = Release|Any CPU
		{50CF75D7-0553-44B5-B0F9-30F22CD09020}.Release|x86.Build.0 = Release|Any CPU
		{92F06574-1EDA-4B31-9352-7DB27D9A9B25}.Debug|Any CPU.ActiveCfg = Debug|Any CPU
		{92F06574-1EDA-4B31-9352-7DB27D9A9B25}.Debug|Any CPU.Build.0 = Debug|Any CPU
		{92F06574-1EDA-4B31-9352-7DB27D9A9B25}.Debug|x64.ActiveCfg = Debug|Any CPU
		{92F06574-1EDA-4B31-9352-7DB27D9A9B25}.Debug|x64.Build.0 = Debug|Any CPU
		{92F06574-1EDA-4B31-9352-7DB27D9A9B25}.Debug|x86.ActiveCfg = Debug|Any CPU
		{92F06574-1EDA-4B31-9352-7DB27D9A9B25}.Debug|x86.Build.0 = Debug|Any CPU
		{92F06574-1EDA-4B31-9352-7DB27D9A9B25}.Release|Any CPU.ActiveCfg = Release|Any CPU
		{92F06574-1EDA-4B31-9352-7DB27D9A9B25}.Release|Any CPU.Build.0 = Release|Any CPU
		{92F06574-1EDA-4B31-9352-7DB27D9A9B25}.Release|x64.ActiveCfg = Release|Any CPU
		{92F06574-1EDA-4B31-9352-7DB27D9A9B25}.Release|x64.Build.0 = Release|Any CPU
		{92F06574-1EDA-4B31-9352-7DB27D9A9B25}.Release|x86.ActiveCfg = Release|Any CPU
		{92F06574-1EDA-4B31-9352-7DB27D9A9B25}.Release|x86.Build.0 = Release|Any CPU
		{25670122-8534-4E0D-B6F9-EFCE389E2188}.Debug|Any CPU.ActiveCfg = Debug|Any CPU
		{25670122-8534-4E0D-B6F9-EFCE389E2188}.Debug|Any CPU.Build.0 = Debug|Any CPU
		{25670122-8534-4E0D-B6F9-EFCE389E2188}.Debug|x64.ActiveCfg = Debug|Any CPU
		{25670122-8534-4E0D-B6F9-EFCE389E2188}.Debug|x64.Build.0 = Debug|Any CPU
		{25670122-8534-4E0D-B6F9-EFCE389E2188}.Debug|x86.ActiveCfg = Debug|Any CPU
		{25670122-8534-4E0D-B6F9-EFCE389E2188}.Debug|x86.Build.0 = Debug|Any CPU
		{25670122-8534-4E0D-B6F9-EFCE389E2188}.Release|Any CPU.ActiveCfg = Release|Any CPU
		{25670122-8534-4E0D-B6F9-EFCE389E2188}.Release|Any CPU.Build.0 = Release|Any CPU
		{25670122-8534-4E0D-B6F9-EFCE389E2188}.Release|x64.ActiveCfg = Release|Any CPU
		{25670122-8534-4E0D-B6F9-EFCE389E2188}.Release|x64.Build.0 = Release|Any CPU
		{25670122-8534-4E0D-B6F9-EFCE389E2188}.Release|x86.ActiveCfg = Release|Any CPU
		{25670122-8534-4E0D-B6F9-EFCE389E2188}.Release|x86.Build.0 = Release|Any CPU
		{80B22F53-F22A-4AD2-825D-4A29B068EF43}.Debug|Any CPU.ActiveCfg = Debug|Any CPU
		{80B22F53-F22A-4AD2-825D-4A29B068EF43}.Debug|Any CPU.Build.0 = Debug|Any CPU
		{80B22F53-F22A-4AD2-825D-4A29B068EF43}.Debug|x64.ActiveCfg = Debug|Any CPU
		{80B22F53-F22A-4AD2-825D-4A29B068EF43}.Debug|x64.Build.0 = Debug|Any CPU
		{80B22F53-F22A-4AD2-825D-4A29B068EF43}.Debug|x86.ActiveCfg = Debug|Any CPU
		{80B22F53-F22A-4AD2-825D-4A29B068EF43}.Debug|x86.Build.0 = Debug|Any CPU
		{80B22F53-F22A-4AD2-825D-4A29B068EF43}.Release|Any CPU.ActiveCfg = Release|Any CPU
		{80B22F53-F22A-4AD2-825D-4A29B068EF43}.Release|Any CPU.Build.0 = Release|Any CPU
		{80B22F53-F22A-4AD2-825D-4A29B068EF43}.Release|x64.ActiveCfg = Release|Any CPU
		{80B22F53-F22A-4AD2-825D-4A29B068EF43}.Release|x64.Build.0 = Release|Any CPU
		{80B22F53-F22A-4AD2-825D-4A29B068EF43}.Release|x86.ActiveCfg = Release|Any CPU
		{80B22F53-F22A-4AD2-825D-4A29B068EF43}.Release|x86.Build.0 = Release|Any CPU
		{348FA9CE-C2AF-4584-882E-B1798FEF954B}.Debug|Any CPU.ActiveCfg = Debug|Any CPU
		{348FA9CE-C2AF-4584-882E-B1798FEF954B}.Debug|Any CPU.Build.0 = Debug|Any CPU
		{348FA9CE-C2AF-4584-882E-B1798FEF954B}.Debug|x64.ActiveCfg = Debug|Any CPU
		{348FA9CE-C2AF-4584-882E-B1798FEF954B}.Debug|x64.Build.0 = Debug|Any CPU
		{348FA9CE-C2AF-4584-882E-B1798FEF954B}.Debug|x86.ActiveCfg = Debug|Any CPU
		{348FA9CE-C2AF-4584-882E-B1798FEF954B}.Debug|x86.Build.0 = Debug|Any CPU
		{348FA9CE-C2AF-4584-882E-B1798FEF954B}.Release|Any CPU.ActiveCfg = Release|Any CPU
		{348FA9CE-C2AF-4584-882E-B1798FEF954B}.Release|Any CPU.Build.0 = Release|Any CPU
		{348FA9CE-C2AF-4584-882E-B1798FEF954B}.Release|x64.ActiveCfg = Release|Any CPU
		{348FA9CE-C2AF-4584-882E-B1798FEF954B}.Release|x64.Build.0 = Release|Any CPU
		{348FA9CE-C2AF-4584-882E-B1798FEF954B}.Release|x86.ActiveCfg = Release|Any CPU
		{348FA9CE-C2AF-4584-882E-B1798FEF954B}.Release|x86.Build.0 = Release|Any CPU
		{547BA4DF-87D0-446C-BF4F-06BE05C9CE86}.Debug|Any CPU.ActiveCfg = Debug|Any CPU
		{547BA4DF-87D0-446C-BF4F-06BE05C9CE86}.Debug|Any CPU.Build.0 = Debug|Any CPU
		{547BA4DF-87D0-446C-BF4F-06BE05C9CE86}.Debug|x64.ActiveCfg = Debug|Any CPU
		{547BA4DF-87D0-446C-BF4F-06BE05C9CE86}.Debug|x64.Build.0 = Debug|Any CPU
		{547BA4DF-87D0-446C-BF4F-06BE05C9CE86}.Debug|x86.ActiveCfg = Debug|Any CPU
		{547BA4DF-87D0-446C-BF4F-06BE05C9CE86}.Debug|x86.Build.0 = Debug|Any CPU
		{547BA4DF-87D0-446C-BF4F-06BE05C9CE86}.Release|Any CPU.ActiveCfg = Release|Any CPU
		{547BA4DF-87D0-446C-BF4F-06BE05C9CE86}.Release|Any CPU.Build.0 = Release|Any CPU
		{547BA4DF-87D0-446C-BF4F-06BE05C9CE86}.Release|x64.ActiveCfg = Release|Any CPU
		{547BA4DF-87D0-446C-BF4F-06BE05C9CE86}.Release|x64.Build.0 = Release|Any CPU
		{547BA4DF-87D0-446C-BF4F-06BE05C9CE86}.Release|x86.ActiveCfg = Release|Any CPU
		{547BA4DF-87D0-446C-BF4F-06BE05C9CE86}.Release|x86.Build.0 = Release|Any CPU
		{D45BA108-CA26-46F7-9C0B-DA13A384E687}.Debug|Any CPU.ActiveCfg = Debug|Any CPU
		{D45BA108-CA26-46F7-9C0B-DA13A384E687}.Debug|Any CPU.Build.0 = Debug|Any CPU
		{D45BA108-CA26-46F7-9C0B-DA13A384E687}.Debug|x64.ActiveCfg = Debug|Any CPU
		{D45BA108-CA26-46F7-9C0B-DA13A384E687}.Debug|x64.Build.0 = Debug|Any CPU
		{D45BA108-CA26-46F7-9C0B-DA13A384E687}.Debug|x86.ActiveCfg = Debug|Any CPU
		{D45BA108-CA26-46F7-9C0B-DA13A384E687}.Debug|x86.Build.0 = Debug|Any CPU
		{D45BA108-CA26-46F7-9C0B-DA13A384E687}.Release|Any CPU.ActiveCfg = Release|Any CPU
		{D45BA108-CA26-46F7-9C0B-DA13A384E687}.Release|Any CPU.Build.0 = Release|Any CPU
		{D45BA108-CA26-46F7-9C0B-DA13A384E687}.Release|x64.ActiveCfg = Release|Any CPU
		{D45BA108-CA26-46F7-9C0B-DA13A384E687}.Release|x64.Build.0 = Release|Any CPU
		{D45BA108-CA26-46F7-9C0B-DA13A384E687}.Release|x86.ActiveCfg = Release|Any CPU
		{D45BA108-CA26-46F7-9C0B-DA13A384E687}.Release|x86.Build.0 = Release|Any CPU
		{A9934CA4-88C5-4AD0-99C9-92490167B48E}.Debug|Any CPU.ActiveCfg = Debug|Any CPU
		{A9934CA4-88C5-4AD0-99C9-92490167B48E}.Debug|Any CPU.Build.0 = Debug|Any CPU
		{A9934CA4-88C5-4AD0-99C9-92490167B48E}.Debug|x64.ActiveCfg = Debug|Any CPU
		{A9934CA4-88C5-4AD0-99C9-92490167B48E}.Debug|x64.Build.0 = Debug|Any CPU
		{A9934CA4-88C5-4AD0-99C9-92490167B48E}.Debug|x86.ActiveCfg = Debug|Any CPU
		{A9934CA4-88C5-4AD0-99C9-92490167B48E}.Debug|x86.Build.0 = Debug|Any CPU
		{A9934CA4-88C5-4AD0-99C9-92490167B48E}.Release|Any CPU.ActiveCfg = Release|Any CPU
		{A9934CA4-88C5-4AD0-99C9-92490167B48E}.Release|Any CPU.Build.0 = Release|Any CPU
		{A9934CA4-88C5-4AD0-99C9-92490167B48E}.Release|x64.ActiveCfg = Release|Any CPU
		{A9934CA4-88C5-4AD0-99C9-92490167B48E}.Release|x64.Build.0 = Release|Any CPU
		{A9934CA4-88C5-4AD0-99C9-92490167B48E}.Release|x86.ActiveCfg = Release|Any CPU
		{A9934CA4-88C5-4AD0-99C9-92490167B48E}.Release|x86.Build.0 = Release|Any CPU
		{EA3A7CAF-51CE-4A81-A808-2239893A5332}.Debug|Any CPU.ActiveCfg = Debug|Any CPU
		{EA3A7CAF-51CE-4A81-A808-2239893A5332}.Debug|Any CPU.Build.0 = Debug|Any CPU
		{EA3A7CAF-51CE-4A81-A808-2239893A5332}.Debug|x64.ActiveCfg = Debug|Any CPU
		{EA3A7CAF-51CE-4A81-A808-2239893A5332}.Debug|x64.Build.0 = Debug|Any CPU
		{EA3A7CAF-51CE-4A81-A808-2239893A5332}.Debug|x86.ActiveCfg = Debug|Any CPU
		{EA3A7CAF-51CE-4A81-A808-2239893A5332}.Debug|x86.Build.0 = Debug|Any CPU
		{EA3A7CAF-51CE-4A81-A808-2239893A5332}.Release|Any CPU.ActiveCfg = Release|Any CPU
		{EA3A7CAF-51CE-4A81-A808-2239893A5332}.Release|Any CPU.Build.0 = Release|Any CPU
		{EA3A7CAF-51CE-4A81-A808-2239893A5332}.Release|x64.ActiveCfg = Release|Any CPU
		{EA3A7CAF-51CE-4A81-A808-2239893A5332}.Release|x64.Build.0 = Release|Any CPU
		{EA3A7CAF-51CE-4A81-A808-2239893A5332}.Release|x86.ActiveCfg = Release|Any CPU
		{EA3A7CAF-51CE-4A81-A808-2239893A5332}.Release|x86.Build.0 = Release|Any CPU
		{F95A8CF7-7C6D-49DF-853D-F845DB65C26F}.Debug|Any CPU.ActiveCfg = Debug|Any CPU
		{F95A8CF7-7C6D-49DF-853D-F845DB65C26F}.Debug|Any CPU.Build.0 = Debug|Any CPU
		{F95A8CF7-7C6D-49DF-853D-F845DB65C26F}.Debug|x64.ActiveCfg = Debug|Any CPU
		{F95A8CF7-7C6D-49DF-853D-F845DB65C26F}.Debug|x64.Build.0 = Debug|Any CPU
		{F95A8CF7-7C6D-49DF-853D-F845DB65C26F}.Debug|x86.ActiveCfg = Debug|Any CPU
		{F95A8CF7-7C6D-49DF-853D-F845DB65C26F}.Debug|x86.Build.0 = Debug|Any CPU
		{F95A8CF7-7C6D-49DF-853D-F845DB65C26F}.Release|Any CPU.ActiveCfg = Release|Any CPU
		{F95A8CF7-7C6D-49DF-853D-F845DB65C26F}.Release|Any CPU.Build.0 = Release|Any CPU
		{F95A8CF7-7C6D-49DF-853D-F845DB65C26F}.Release|x64.ActiveCfg = Release|Any CPU
		{F95A8CF7-7C6D-49DF-853D-F845DB65C26F}.Release|x64.Build.0 = Release|Any CPU
		{F95A8CF7-7C6D-49DF-853D-F845DB65C26F}.Release|x86.ActiveCfg = Release|Any CPU
		{F95A8CF7-7C6D-49DF-853D-F845DB65C26F}.Release|x86.Build.0 = Release|Any CPU
	EndGlobalSection
	GlobalSection(SolutionProperties) = preSolution
		HideSolutionNode = FALSE
	EndGlobalSection
	GlobalSection(NestedProjects) = preSolution
		{D45BA108-CA26-46F7-9C0B-DA13A384E687} = {827E0CD3-B72D-47B6-A68D-7590B98EB39B}
		{A9934CA4-88C5-4AD0-99C9-92490167B48E} = {827E0CD3-B72D-47B6-A68D-7590B98EB39B}
		{EA3A7CAF-51CE-4A81-A808-2239893A5332} = {827E0CD3-B72D-47B6-A68D-7590B98EB39B}
		{F95A8CF7-7C6D-49DF-853D-F845DB65C26F} = {827E0CD3-B72D-47B6-A68D-7590B98EB39B}
	EndGlobalSection
EndGlobal
