{
  "version": 2,
  "dependencies": {
    "net10.0": {
      "Azure.Core": {
        "type": "Transitive",
        "resolved": "1.53.0",
        "contentHash": "x9c/toFMOtRrlTdFuE7rlGCVAduQzWVfKmLz5juj41zJAXEhYD5hluiUyyAEzJ6OxpBnKtiaBztzwpZITAVjtg==",
        "dependencies": {
          "Microsoft.Bcl.AsyncInterfaces": "10.0.3",
          "Microsoft.Identity.Client": "4.83.1",
          "Microsoft.Identity.Client.Extensions.Msal": "4.83.1",
          "System.ClientModel": "1.10.0",
          "System.Memory.Data": "10.0.3"
        }
      },
      "Microsoft.Bcl.AsyncInterfaces": {
        "type": "Transitive",
        "resolved": "10.0.3",
        "contentHash": "TV62UsrJZPX6gbt3c4WrtXh7bmaDIcMqf9uft1cc4L6gJXOU07hDGEh+bFQh/L2Az0R1WVOkiT66lFqS6G2NmA=="
      },
      "Microsoft.Data.Sqlite.Core": {
        "type": "Transitive",
        "resolved": "10.0.10",
        "contentHash": "TPCs0ldm7AWqcKmp6f/Xr+14sat7hx4rHfRlS4RgCURBH2thEWbAKEyX7cCWr63zVJVOJIJZTg2cBiUXa8ys6g==",
        "dependencies": {
          "SQLitePCLRaw.core": "2.1.11"
        }
      },
      "Microsoft.Identity.Client": {
        "type": "Transitive",
        "resolved": "4.83.1",
        "contentHash": "jOLIrZ3cynoqHLLO1cXplFFabrhrMEYs/EuKHvmCyrOm1axqiVFT6nCSnHxk7w5+d2BeQfCdM12Yf/0X7OeS1g==",
        "dependencies": {
          "Microsoft.IdentityModel.Abstractions": "8.14.0"
        }
      },
      "Microsoft.Identity.Client.Extensions.Msal": {
        "type": "Transitive",
        "resolved": "4.83.1",
        "contentHash": "I3k4J4Hj4KbLEFanjeUzzDOVecukETaTgEkJ7h2pP/Yazs6SLp6TVUTo/Eo+ptPXMwvc+iX7rBFtMSUrA7R+Mg==",
        "dependencies": {
          "Microsoft.Identity.Client": "4.83.1",
          "System.Security.Cryptography.ProtectedData": "4.5.0"
        }
      },
      "Microsoft.IdentityModel.Abstractions": {
        "type": "Transitive",
        "resolved": "8.14.0",
        "contentHash": "iwbCpSjD3ehfTwBhtSNEtKPK0ICun6ov7Ibx6ISNA9bfwIyzI2Siwyi9eJFCJBwxowK9xcA1mj+jBWiigeqgcQ=="
      },
      "SourceGear.sqlite3": {
        "type": "Transitive",
        "resolved": "3.53.3",
        "contentHash": "PaDT7JwQ00HmXZT1xSGSC0c24A5lVpJYHMrXBuJATdpB2t0nf4Kq9HyPaZhxVW0elPq4XI1s5BLh7qLuObmzFA=="
      },
      "SQLitePCLRaw.config.e_sqlite3": {
        "type": "Transitive",
        "resolved": "3.0.4",
        "contentHash": "W2HMmjAZ1v27fbyzZtONCdC8Ma/tTr5wLAIr4Iq7T4oKrYaI4occJ5TBhSdK4pltwBJLQBG5DcQMz+/w9X4bbg==",
        "dependencies": {
          "SQLitePCLRaw.provider.e_sqlite3": "3.0.4"
        }
      },
      "SQLitePCLRaw.core": {
        "type": "Transitive",
        "resolved": "3.0.4",
        "contentHash": "cOjxfdjE4zQDvDVDUBfucKGXEaYos4l4l+TVwePJEHp/nl9fkgBz/lIVgfMH5dOyKRmNi6RsptUGtZsvsD7iYQ=="
      },
      "SQLitePCLRaw.provider.e_sqlite3": {
        "type": "Transitive",
        "resolved": "3.0.4",
        "contentHash": "L4uiEKeRSXxppkGE4iSpgBgC5lNvw2zEN/hAaxTecUS1+DhC6UEFhHaakSYYvnFq7x16B7DQcaXgXy0SkhSwnw==",
        "dependencies": {
          "SQLitePCLRaw.core": "3.0.4"
        }
      },
      "System.ClientModel": {
        "type": "Transitive",
        "resolved": "1.10.0",
        "contentHash": "lBEWs54F5Y5pZ9hC+8z4S/X76957ex+DPk7WecRHlbIHtrPfbRMMlOgI3iDn4Jpb3bSxvBnKaaHoD59auFjlBA==",
        "dependencies": {
          "System.Memory.Data": "10.0.3"
        }
      },
      "System.Memory.Data": {
        "type": "Transitive",
        "resolved": "10.0.3",
        "contentHash": "MaGhRfGunmrj/nHjtsi9XkhlYJ/ERGWrbA+BiSKNtGnAjc9XlG5EhAvak6VRcX5LYzPF6pBO8nJ613dTgzabig=="
      },
      "System.Security.Cryptography.ProtectedData": {
        "type": "Transitive",
        "resolved": "4.5.0",
        "contentHash": "wLBKzFnDCxP12VL9ANydSYhk59fC4cvOr9ypYQLPnAj48NQIhqnjdD2yhP8yEKyBJEjERWS9DisKL7rX5eU25Q=="
      },
      "bower.abstractions": {
        "type": "Project",
        "dependencies": {
          "Bower.Contracts": "[1.0.0, )"
        }
      },
      "bower.contracts": {
        "type": "Project"
      },
      "bower.core": {
        "type": "Project",
        "dependencies": {
          "Bower.Abstractions": "[1.0.0, )",
          "Bower.Persistence": "[1.0.0, )",
          "Bower.PolicyEngine": "[1.0.0, )",
          "Bower.Redaction": "[1.0.0, )"
        }
      },
      "bower.output.amaspool": {
        "type": "Project",
        "dependencies": {
          "Bower.Abstractions": "[1.0.0, )"
        }
      },
      "bower.output.azurelogsingestion": {
        "type": "Project",
        "dependencies": {
          "Azure.Identity": "[1.21.0, )",
          "Azure.Monitor.Ingestion": "[1.2.0, )",
          "Bower.Abstractions": "[1.0.0, )"
        }
      },
      "bower.persistence": {
        "type": "Project",
        "dependencies": {
          "Bower.Abstractions": "[1.0.0, )",
          "Microsoft.Data.Sqlite": "[10.0.10, )",
          "SQLitePCLRaw.bundle_e_sqlite3": "[3.0.4, )"
        }
      },
      "bower.policyengine": {
        "type": "Project",
        "dependencies": {
          "Bower.Abstractions": "[1.0.0, )",
          "YamlDotNet": "[18.1.0, )"
        }
      },
      "bower.redaction": {
        "type": "Project",
        "dependencies": {
          "Bower.Abstractions": "[1.0.0, )"
        }
      },
      "Azure.Identity": {
        "type": "CentralTransitive",
        "requested": "[1.21.0, )",
        "resolved": "1.21.0",
        "contentHash": "GeFv8sGwRKvDKwI2WFy8r0mhmlxEVZg24Sit2NogTjiSO8RVjllWM65OT6e1sKjOvG8V74y7hAbaELUUPjZQSw==",
        "dependencies": {
          "Azure.Core": "1.53.0"
        }
      },
      "Azure.Monitor.Ingestion": {
        "type": "CentralTransitive",
        "requested": "[1.2.0, )",
        "resolved": "1.2.0",
        "contentHash": "+wSX2NhWoip9smhRcb4iiVB4H2I8MBQTogJfYaO5s1om0JxNN7aP5isNCkN9Q96P4HXYeDxOE9eC54qbk6haaA==",
        "dependencies": {
          "Azure.Core": "1.47.1"
        }
      },
      "Microsoft.Data.Sqlite": {
        "type": "CentralTransitive",
        "requested": "[10.0.10, )",
        "resolved": "10.0.10",
        "contentHash": "58JwZ39lCvRXHfV5O6RQfbHEDu8ZsXI7weRoVRR4jrGRxxkS+qyeuGrN2xD+9VYEICApYr0iTSL6PuU+DdsvPg==",
        "dependencies": {
          "Microsoft.Data.Sqlite.Core": "10.0.10",
          "SQLitePCLRaw.bundle_e_sqlite3": "2.1.11",
          "SQLitePCLRaw.core": "2.1.11"
        }
      },
      "SQLitePCLRaw.bundle_e_sqlite3": {
        "type": "CentralTransitive",
        "requested": "[3.0.4, )",
        "resolved": "3.0.4",
        "contentHash": "gg8vENKV/o0pWLI0eJxnTA4X9e63rOvzkCDMAOePDGLieNSHPCGUiJ4CQDqDyNqIf6IPVzD4TOjqY5ACygZkkA==",
        "dependencies": {
          "SQLitePCLRaw.config.e_sqlite3": "3.0.4",
          "SourceGear.sqlite3": "3.53.3"
        }
      },
      "YamlDotNet": {
        "type": "CentralTransitive",
        "requested": "[18.1.0, )",
        "resolved": "18.1.0",
        "contentHash": "5K+9KFg2TdTl7VXv88Qzi/0lqK6JFoNP3lRuImPYGRV7K/QYklDyTrj4+A+KAki1JsQi6qKY+hDyY7d6WRqjrw=="
      }
    }
  }
}