{
  "version": 2,
  "dependencies": {
    "net10.0": {
      "Microsoft.NET.ILLink.Tasks": {
        "type": "Direct",
        "requested": "[10.0.12, )",
        "resolved": "10.0.12",
        "contentHash": "xi+BDjFpW+Sb+MHFHaH6Y/gV9I8BluFwRXc1QyCdoZbIK26eNiBeFuMTe/FMwc33G1wdHCyDg7CVTmb8OdQrMQ=="
      },
      "Azure.Core": {
        "type": "Transitive",
        "resolved": "1.53.0",
        "contentHash": "x9c/toFMOtRrlTdFuE7rlGCVAduQzWVfKmLz5juj41zJAXEhYD5hluiUyyAEzJ6OxpBnKtiaBztzwpZITAVjtg==",
        "dependencies": {
          "Microsoft.Bcl.AsyncInterfaces": "10.0.3",
          "Microsoft.Identity.Client": "4.83.1",
          "Microsoft.Identity.Client.Extensions.Msal": "4.83.1",
          "System.ClientModel": "1.10.0",
          "System.Memory.Data": "10.0.3"
        }
      },
      "Microsoft.Bcl.AsyncInterfaces": {
        "type": "Transitive",
        "resolved": "10.0.3",
        "contentHash": "TV62UsrJZPX6gbt3c4WrtXh7bmaDIcMqf9uft1cc4L6gJXOU07hDGEh+bFQh/L2Az0R1WVOkiT66lFqS6G2NmA=="
      },
      "Microsoft.Data.Sqlite.Core": {
        "type": "Transitive",
        "resolved": "10.0.12",
        "contentHash": "2aL9eL5HQr0V4b8V909SD+jQAx6qnTTl7sT/v3D8dIvmr2UGdpZIQxqm1pj2Js3e4EYTvpw0oMH7DjapJJuPPw==",
        "dependencies": {
          "SQLitePCLRaw.core": "2.1.12"
        }
      },
      "Microsoft.EntityFrameworkCore.Abstractions": {
        "type": "Transitive",
        "resolved": "10.0.12",
        "contentHash": "kDrux7T6C3V/YYYe2LXr7x6AEsVyq5Y2YoTE9er1SwbDtap3z1g8RgxNh5eKQVyB4T+DKvBBJ4Ezd/VZzJQJZg=="
      },
      "Microsoft.EntityFrameworkCore.Analyzers": {
        "type": "Transitive",
        "resolved": "10.0.12",
        "contentHash": "Kd4o2oO1A6dfKxjz5LS16QyLtpCFTUiFWwmBABETAXRsSImBdRdWeKjSgbbRhAMiV3a3/nWr95ZtzClT4uaADQ=="
      },
      "Microsoft.EntityFrameworkCore.Relational": {
        "type": "Transitive",
        "resolved": "10.0.12",
        "contentHash": "OiHmr8XzX96dbgMsYGe8qoqg4KxibdZG2r0QUVJBGktFInOp8IrABe8jvcbo5hrqeWfbwpK7fCEBiEPbY/ik4A==",
        "dependencies": {
          "Microsoft.EntityFrameworkCore": "10.0.12"
        }
      },
      "Microsoft.EntityFrameworkCore.Sqlite.Core": {
        "type": "Transitive",
        "resolved": "10.0.12",
        "contentHash": "DAGu68RfIDD5d6qYhtQqMUsRS7hKKFqHI6h/9VUa4FjMcQ8+IJA0rK+1pDZtrDJ+yi3YAG0L2TSViZ0csEDM0w==",
        "dependencies": {
          "Microsoft.Data.Sqlite.Core": "10.0.12",
          "Microsoft.EntityFrameworkCore.Relational": "10.0.12",
          "Microsoft.Extensions.DependencyModel": "10.0.12",
          "SQLitePCLRaw.core": "2.1.12"
        }
      },
      "Microsoft.Extensions.DependencyModel": {
        "type": "Transitive",
        "resolved": "10.0.12",
        "contentHash": "rDPQVTxh/zMTDF7wHlRqL/jjZbwjAP6315ydBxj51pZW7qkAwGwjoSiMutxYI91xmOE3ZXjAGHbYRqzyJV7Urw=="
      },
      "Microsoft.Identity.Client": {
        "type": "Transitive",
        "resolved": "4.83.1",
        "contentHash": "jOLIrZ3cynoqHLLO1cXplFFabrhrMEYs/EuKHvmCyrOm1axqiVFT6nCSnHxk7w5+d2BeQfCdM12Yf/0X7OeS1g==",
        "dependencies": {
          "Microsoft.IdentityModel.Abstractions": "8.14.0"
        }
      },
      "Microsoft.Identity.Client.Extensions.Msal": {
        "type": "Transitive",
        "resolved": "4.83.1",
        "contentHash": "I3k4J4Hj4KbLEFanjeUzzDOVecukETaTgEkJ7h2pP/Yazs6SLp6TVUTo/Eo+ptPXMwvc+iX7rBFtMSUrA7R+Mg==",
        "dependencies": {
          "Microsoft.Identity.Client": "4.83.1",
          "System.Security.Cryptography.ProtectedData": "4.5.0"
        }
      },
      "Microsoft.IdentityModel.Abstractions": {
        "type": "Transitive",
        "resolved": "8.14.0",
        "contentHash": "iwbCpSjD3ehfTwBhtSNEtKPK0ICun6ov7Ibx6ISNA9bfwIyzI2Siwyi9eJFCJBwxowK9xcA1mj+jBWiigeqgcQ=="
      },
      "SQLite": {
        "type": "Transitive",
        "resolved": "3.53.4",
        "contentHash": "KN7jeWqgUPeBRe1FlcpZURzxomuKKEKHmBBQfg+Nx7NkY1LjKhzHvH+3ASkNvhayESE34nMBinL9CV21JfPRJw=="
      },
      "SQLitePCLRaw.config.e_sqlite3": {
        "type": "Transitive",
        "resolved": "3.0.5",
        "contentHash": "aSk8WE5tF2MybESMgtZAEyMVCAWA0nBqOMc48HFoa9UoSdtm3goDXVzNRnefeKIwE6bV9NaNXptn1F9ReMQI0Q==",
        "dependencies": {
          "SQLitePCLRaw.provider.e_sqlite3": "3.0.5"
        }
      },
      "SQLitePCLRaw.core": {
        "type": "Transitive",
        "resolved": "3.0.5",
        "contentHash": "k81AYXXRCw3Zj8rOhyBoCsx/U97KYDFI2CSKr/ijl5BwpsW/hX/4kBiDmerFaoust8nxBwa0IHQFw8MmSHRtnQ=="
      },
      "SQLitePCLRaw.provider.e_sqlite3": {
        "type": "Transitive",
        "resolved": "3.0.5",
        "contentHash": "um8YSWduhhuskTG2bHfZrBqMNQOydfU8pcseT+cu5RivOGyoUbCrGXxgoRNTmRYw2VbMWnEZVVFcneZT/5dsBg==",
        "dependencies": {
          "SQLitePCLRaw.core": "3.0.5"
        }
      },
      "System.ClientModel": {
        "type": "Transitive",
        "resolved": "1.10.0",
        "contentHash": "lBEWs54F5Y5pZ9hC+8z4S/X76957ex+DPk7WecRHlbIHtrPfbRMMlOgI3iDn4Jpb3bSxvBnKaaHoD59auFjlBA==",
        "dependencies": {
          "System.Memory.Data": "10.0.3"
        }
      },
      "System.Memory.Data": {
        "type": "Transitive",
        "resolved": "10.0.3",
        "contentHash": "MaGhRfGunmrj/nHjtsi9XkhlYJ/ERGWrbA+BiSKNtGnAjc9XlG5EhAvak6VRcX5LYzPF6pBO8nJ613dTgzabig=="
      },
      "System.Security.Cryptography.ProtectedData": {
        "type": "Transitive",
        "resolved": "4.5.0",
        "contentHash": "wLBKzFnDCxP12VL9ANydSYhk59fC4cvOr9ypYQLPnAj48NQIhqnjdD2yhP8yEKyBJEjERWS9DisKL7rX5eU25Q=="
      },
      "bower.abstractions": {
        "type": "Project",
        "dependencies": {
          "Bower.Contracts": "[1.0.0, )"
        }
      },
      "bower.contracts": {
        "type": "Project"
      },
      "bower.core": {
        "type": "Project",
        "dependencies": {
          "Bower.Abstractions": "[1.0.0, )",
          "Bower.Persistence": "[1.0.0, )",
          "Bower.PolicyEngine": "[1.0.0, )",
          "Bower.Redaction": "[1.0.0, )"
        }
      },
      "bower.jobs": {
        "type": "Project",
        "dependencies": {
          "Hangfire.Core": "[1.8.25, )",
          "Hangfire.InMemory": "[1.0.0, )",
          "Hangfire.NetCore": "[1.8.25, )",
          "Newtonsoft.Json": "[13.0.4, )"
        }
      },
      "bower.output.amaspool": {
        "type": "Project",
        "dependencies": {
          "Bower.Abstractions": "[1.0.0, )"
        }
      },
      "bower.output.azurelogsingestion": {
        "type": "Project",
        "dependencies": {
          "Azure.Identity": "[1.21.0, )",
          "Azure.Monitor.Ingestion": "[1.2.0, )",
          "Bower.Abstractions": "[1.0.0, )"
        }
      },
      "bower.persistence": {
        "type": "Project",
        "dependencies": {
          "Bower.Abstractions": "[1.0.0, )",
          "Microsoft.Data.Sqlite": "[10.0.12, )",
          "Microsoft.EntityFrameworkCore.Sqlite": "[10.0.12, )",
          "SQLitePCLRaw.bundle_e_sqlite3": "[3.0.5, )"
        }
      },
      "bower.policyengine": {
        "type": "Project",
        "dependencies": {
          "Bower.Abstractions": "[1.0.0, )",
          "YamlDotNet": "[18.1.0, )"
        }
      },
      "bower.redaction": {
        "type": "Project",
        "dependencies": {
          "Bower.Abstractions": "[1.0.0, )"
        }
      },
      "Azure.Identity": {
        "type": "CentralTransitive",
        "requested": "[1.21.0, )",
        "resolved": "1.21.0",
        "contentHash": "GeFv8sGwRKvDKwI2WFy8r0mhmlxEVZg24Sit2NogTjiSO8RVjllWM65OT6e1sKjOvG8V74y7hAbaELUUPjZQSw==",
        "dependencies": {
          "Azure.Core": "1.53.0"
        }
      },
      "Azure.Monitor.Ingestion": {
        "type": "CentralTransitive",
        "requested": "[1.2.0, )",
        "resolved": "1.2.0",
        "contentHash": "+wSX2NhWoip9smhRcb4iiVB4H2I8MBQTogJfYaO5s1om0JxNN7aP5isNCkN9Q96P4HXYeDxOE9eC54qbk6haaA==",
        "dependencies": {
          "Azure.Core": "1.47.1"
        }
      },
      "Hangfire.Core": {
        "type": "CentralTransitive",
        "requested": "[1.8.25, )",
        "resolved": "1.8.25",
        "contentHash": "BxzXlHwXNrGPHJ7YfAVfeiXC+BHd6uPoyyfV+9bCJVPPGs4z0EQCW1X44Og/IUFM81ENCqAFP1r2rOkQhm4ydA==",
        "dependencies": {
          "Newtonsoft.Json": "11.0.1"
        }
      },
      "Hangfire.InMemory": {
        "type": "CentralTransitive",
        "requested": "[1.0.0, )",
        "resolved": "1.0.0",
        "contentHash": "56H71lfcqn5sN/8Bjj9hOLGTG5HIERLRuMsRJTFpw0Tsq5ck5OUkNvtUw92s7bwD3PRKOo4PkDGqNs9KugaqoQ==",
        "dependencies": {
          "Hangfire.Core": "1.8.0"
        }
      },
      "Hangfire.NetCore": {
        "type": "CentralTransitive",
        "requested": "[1.8.25, )",
        "resolved": "1.8.25",
        "contentHash": "ZfI7gwr7n70r635VS9aKsWSzOodY6U0bSIG0jDrqd5ODRLKvc+e5aXXGCnWHWzjvagvlwtUcRGG/lD0/3C7chA==",
        "dependencies": {
          "Hangfire.Core": "[1.8.25]"
        }
      },
      "Microsoft.Data.Sqlite": {
        "type": "CentralTransitive",
        "requested": "[10.0.12, )",
        "resolved": "10.0.12",
        "contentHash": "xUq9xUc653ue7ac2rMfCaf8UQN+U3zS8poWYlugycpvJllplMM0Mk7v/+MM0CTlu9zGvbGML4BPH8YWhrUOfGw==",
        "dependencies": {
          "Microsoft.Data.Sqlite.Core": "10.0.12",
          "SQLitePCLRaw.bundle_e_sqlite3": "2.1.12",
          "SQLitePCLRaw.core": "2.1.12"
        }
      },
      "Microsoft.EntityFrameworkCore": {
        "type": "CentralTransitive",
        "requested": "[10.0.12, )",
        "resolved": "10.0.12",
        "contentHash": "e7OrVN8U5yr4kuwdTHWBHGVQIVsGfMkAr0Ej1/BnrS989Q0XBVANpIzNZ2bc1GvMZ0/XwMt5InTnmKskxGy99Q==",
        "dependencies": {
          "Microsoft.EntityFrameworkCore.Abstractions": "10.0.12",
          "Microsoft.EntityFrameworkCore.Analyzers": "10.0.12"
        }
      },
      "Microsoft.EntityFrameworkCore.Sqlite": {
        "type": "CentralTransitive",
        "requested": "[10.0.12, )",
        "resolved": "10.0.12",
        "contentHash": "rRXkKBWHjtngj2DYqSXOThGpqiR0LQkxk0b0PIVDhVEzfwpgOR7dbKMw1/My8unDCTCwn/blclR7imxntYGvEg==",
        "dependencies": {
          "Microsoft.EntityFrameworkCore.Sqlite.Core": "10.0.12",
          "Microsoft.Extensions.DependencyModel": "10.0.12",
          "SQLitePCLRaw.bundle_e_sqlite3": "2.1.12",
          "SQLitePCLRaw.core": "2.1.12"
        }
      },
      "Newtonsoft.Json": {
        "type": "CentralTransitive",
        "requested": "[13.0.4, )",
        "resolved": "13.0.4",
        "contentHash": "pdgNNMai3zv51W5aq268sujXUyx7SNdE2bj1wZcWjAQrKMFZV260lbqYop1d2GM67JI1huLRwxo9ZqnfF/lC6A=="
      },
      "SQLitePCLRaw.bundle_e_sqlite3": {
        "type": "CentralTransitive",
        "requested": "[3.0.5, )",
        "resolved": "3.0.5",
        "contentHash": "SW8iASIyWMrLzqabUHYQRvALhvD4ylSBsj4PgEVGwc36kQjc9xT5kSV/XQ9rU7nIpBWD+LPyX3Hlw5FzyUzGeQ==",
        "dependencies": {
          "SQLite": "3.53.4",
          "SQLitePCLRaw.config.e_sqlite3": "3.0.5"
        }
      },
      "YamlDotNet": {
        "type": "CentralTransitive",
        "requested": "[18.1.0, )",
        "resolved": "18.1.0",
        "contentHash": "5K+9KFg2TdTl7VXv88Qzi/0lqK6JFoNP3lRuImPYGRV7K/QYklDyTrj4+A+KAki1JsQi6qKY+hDyY7d6WRqjrw=="
      }
    },
    "net10.0/linux-arm64": {
      "SQLite": {
        "type": "Transitive",
        "resolved": "3.53.4",
        "contentHash": "KN7jeWqgUPeBRe1FlcpZURzxomuKKEKHmBBQfg+Nx7NkY1LjKhzHvH+3ASkNvhayESE34nMBinL9CV21JfPRJw=="
      },
      "System.Security.Cryptography.ProtectedData": {
        "type": "Transitive",
        "resolved": "4.5.0",
        "contentHash": "wLBKzFnDCxP12VL9ANydSYhk59fC4cvOr9ypYQLPnAj48NQIhqnjdD2yhP8yEKyBJEjERWS9DisKL7rX5eU25Q=="
      }
    },
    "net10.0/linux-x64": {
      "SQLite": {
        "type": "Transitive",
        "resolved": "3.53.4",
        "contentHash": "KN7jeWqgUPeBRe1FlcpZURzxomuKKEKHmBBQfg+Nx7NkY1LjKhzHvH+3ASkNvhayESE34nMBinL9CV21JfPRJw=="
      },
      "System.Security.Cryptography.ProtectedData": {
        "type": "Transitive",
        "resolved": "4.5.0",
        "contentHash": "wLBKzFnDCxP12VL9ANydSYhk59fC4cvOr9ypYQLPnAj48NQIhqnjdD2yhP8yEKyBJEjERWS9DisKL7rX5eU25Q=="
      }
    },
    "net10.0/osx-arm64": {
      "SQLite": {
        "type": "Transitive",
        "resolved": "3.53.4",
        "contentHash": "KN7jeWqgUPeBRe1FlcpZURzxomuKKEKHmBBQfg+Nx7NkY1LjKhzHvH+3ASkNvhayESE34nMBinL9CV21JfPRJw=="
      },
      "System.Security.Cryptography.ProtectedData": {
        "type": "Transitive",
        "resolved": "4.5.0",
        "contentHash": "wLBKzFnDCxP12VL9ANydSYhk59fC4cvOr9ypYQLPnAj48NQIhqnjdD2yhP8yEKyBJEjERWS9DisKL7rX5eU25Q=="
      }
    },
    "net10.0/osx-x64": {
      "SQLite": {
        "type": "Transitive",
        "resolved": "3.53.4",
        "contentHash": "KN7jeWqgUPeBRe1FlcpZURzxomuKKEKHmBBQfg+Nx7NkY1LjKhzHvH+3ASkNvhayESE34nMBinL9CV21JfPRJw=="
      },
      "System.Security.Cryptography.ProtectedData": {
        "type": "Transitive",
        "resolved": "4.5.0",
        "contentHash": "wLBKzFnDCxP12VL9ANydSYhk59fC4cvOr9ypYQLPnAj48NQIhqnjdD2yhP8yEKyBJEjERWS9DisKL7rX5eU25Q=="
      }
    },
    "net10.0/win-arm64": {
      "SQLite": {
        "type": "Transitive",
        "resolved": "3.53.4",
        "contentHash": "KN7jeWqgUPeBRe1FlcpZURzxomuKKEKHmBBQfg+Nx7NkY1LjKhzHvH+3ASkNvhayESE34nMBinL9CV21JfPRJw=="
      },
      "System.Security.Cryptography.ProtectedData": {
        "type": "Transitive",
        "resolved": "4.5.0",
        "contentHash": "wLBKzFnDCxP12VL9ANydSYhk59fC4cvOr9ypYQLPnAj48NQIhqnjdD2yhP8yEKyBJEjERWS9DisKL7rX5eU25Q=="
      }
    },
    "net10.0/win-x64": {
      "SQLite": {
        "type": "Transitive",
        "resolved": "3.53.4",
        "contentHash": "KN7jeWqgUPeBRe1FlcpZURzxomuKKEKHmBBQfg+Nx7NkY1LjKhzHvH+3ASkNvhayESE34nMBinL9CV21JfPRJw=="
      },
      "System.Security.Cryptography.ProtectedData": {
        "type": "Transitive",
        "resolved": "4.5.0",
        "contentHash": "wLBKzFnDCxP12VL9ANydSYhk59fC4cvOr9ypYQLPnAj48NQIhqnjdD2yhP8yEKyBJEjERWS9DisKL7rX5eU25Q=="
      }
    }
  }
}